{
  "originHash" : "b1524cea45a37219671cf66817e98b7324df139bb65a3e056d9e9c0fb1a68073",
  "pins" : [
    {
      "identity" : "ad-player-lite-ios-spm",
      "kind" : "remoteSourceControl",
      "location" : "https://github.com/Aniview/ad-player-lite-ios-spm.git",
      "state" : {
        "revision" : "c11f2e02d969bcf84c78eb5756f065e2381e03c3",
        "version" : "1.1.0"
      }
    },
    {
      "identity" : "swift-package-manager-google-interactive-media-ads-ios",
      "kind" : "remoteSourceControl",
      "location" : "https://github.com/googleads/swift-package-manager-google-interactive-media-ads-ios.git",
      "state" : {
        "revision" : "871bc80349774ba228c41096129995d1e9848b04",
        "version" : "3.28.10"
      }
    }
  ],
  "version" : 3
}
